// !$*UTF8*$!
{
	archiveVersion = 1;
	classes = {
	};
	objectVersion = 50;
	objects = {

/* Begin PBXBuildFile section */
		1304F70E2366500300FBCD6A /* main.cpp in Sources */ = {isa = PBXBuildFile; fileRef = 1304F70D2366500300FBCD6A /* main.cpp */; };
		1346062B234E5F620058CCA1 /* sskeyboard.cpp in Sources */ = {isa = PBXBuildFile; fileRef = 1385114C233FAE76001E4CA6 /* sskeyboard.cpp */; };
		1346062C234E5F670058CCA1 /* IOKit.framework in Frameworks */ = {isa = PBXBuildFile; fileRef = 1302A33223412BB900947195 /* IOKit.framework */; };
		1346062D234E5F6D0058CCA1 /* CoreFoundation.framework in Frameworks */ = {isa = PBXBuildFile; fileRef = 1302A34923412DAE00947195 /* CoreFoundation.framework */; };
		135D80CE2362971300F0A9E6 /* sseffect.cpp in Sources */ = {isa = PBXBuildFile; fileRef = 135D80CC2362971300F0A9E6 /* sseffect.cpp */; };
		13794238235595F400D7B7B3 /* sskeys.h in Copy Files */ = {isa = PBXBuildFile; fileRef = 137D97F723550688000C276B /* sskeys.h */; };
		137D97F823550688000C276B /* sskeys.cpp in Sources */ = {isa = PBXBuildFile; fileRef = 137D97F623550688000C276B /* sskeys.cpp */; };
		13B1991E236650ED0094268E /* libSSKeyboard.a in Frameworks */ = {isa = PBXBuildFile; fileRef = 13460618234E5F230058CCA1 /* libSSKeyboard.a */; };
		13B19921236650F40094268E /* CoreFoundation.framework in Frameworks */ = {isa = PBXBuildFile; fileRef = 1302A34923412DAE00947195 /* CoreFoundation.framework */; };
		13B19922236650FB0094268E /* IOKit.framework in Frameworks */ = {isa = PBXBuildFile; fileRef = 1302A33223412BB900947195 /* IOKit.framework */; };
		13B633E7234E61760094FCC9 /* sskeyboard.h in Copy Files */ = {isa = PBXBuildFile; fileRef = 13851150233FAE76001E4CA6 /* sskeyboard.h */; };
		13D1BA822364F33000DC0E72 /* sseffect.h in Copy Files */ = {isa = PBXBuildFile; fileRef = 135D80CD2362971300F0A9E6 /* sseffect.h */; };
/* End PBXBuildFile section */

/* Begin PBXContainerItemProxy section */
		13B1991F236650ED0094268E /* PBXContainerItemProxy */ = {
			isa = PBXContainerItemProxy;
			containerPortal = 1368D30E233F9A1F00CE1F4D /* Project object */;
			proxyType = 1;
			remoteGlobalIDString = 13460617234E5F230058CCA1;
			remoteInfo = SSKeyboard;
		};
/* End PBXContainerItemProxy section */

/* Begin PBXCopyFilesBuildPhase section */
		1304F7092366500300FBCD6A /* Copy Files */ = {
			isa = PBXCopyFilesBuildPhase;
			buildActionMask = 2147483647;
			dstPath = /usr/share/man/man1/;
			dstSubfolderSpec = 0;
			files = (
			);
			name = "Copy Files";
			runOnlyForDeploymentPostprocessing = 1;
		};
		13B633E6234E615D0094FCC9 /* Copy Files */ = {
			isa = PBXCopyFilesBuildPhase;
			buildActionMask = 2147483647;
			dstPath = "include/$(PRODUCT_NAME)";
			dstSubfolderSpec = 16;
			files = (
				13D1BA822364F33000DC0E72 /* sseffect.h in Copy Files */,
				13794238235595F400D7B7B3 /* sskeys.h in Copy Files */,
				13B633E7234E61760094FCC9 /* sskeyboard.h in Copy Files */,
			);
			name = "Copy Files";
			runOnlyForDeploymentPostprocessing = 0;
		};
/* End PBXCopyFilesBuildPhase section */

/* Begin PBXFileReference section */
		1302A33223412BB900947195 /* IOKit.framework */ = {isa = PBXFileReference; lastKnownFileType = wrapper.framework; name = IOKit.framework; path = System/Library/Frameworks/IOKit.framework; sourceTree = SDKROOT; };
		1302A34923412DAE00947195 /* CoreFoundation.framework */ = {isa = PBXFileReference; lastKnownFileType = wrapper.framework; name = CoreFoundation.framework; path = System/Library/Frameworks/CoreFoundation.framework; sourceTree = SDKROOT; };
		1304F70B2366500300FBCD6A /* SSKeyboardTest */ = {isa = PBXFileReference; explicitFileType = "compiled.mach-o.executable"; includeInIndex = 0; path = SSKeyboardTest; sourceTree = BUILT_PRODUCTS_DIR; };
		1304F70D2366500300FBCD6A /* main.cpp */ = {isa = PBXFileReference; lastKnownFileType = sourcecode.cpp.cpp; path = main.cpp; sourceTree = "<group>"; };
		13460618234E5F230058CCA1 /* libSSKeyboard.a */ = {isa = PBXFileReference; explicitFileType = archive.ar; includeInIndex = 0; path = libSSKeyboard.a; sourceTree = BUILT_PRODUCTS_DIR; };
		135D80CC2362971300F0A9E6 /* sseffect.cpp */ = {isa = PBXFileReference; lastKnownFileType = sourcecode.cpp.cpp; path = sseffect.cpp; sourceTree = "<group>"; };
		135D80CD2362971300F0A9E6 /* sseffect.h */ = {isa = PBXFileReference; lastKnownFileType = sourcecode.c.h; path = sseffect.h; sourceTree = "<group>"; };
		137D97F623550688000C276B /* sskeys.cpp */ = {isa = PBXFileReference; lastKnownFileType = sourcecode.cpp.cpp; path = sskeys.cpp; sourceTree = "<group>"; };
		137D97F723550688000C276B /* sskeys.h */ = {isa = PBXFileReference; lastKnownFileType = sourcecode.c.h; path = sskeys.h; sourceTree = "<group>"; };
		1385114C233FAE76001E4CA6 /* sskeyboard.cpp */ = {isa = PBXFileReference; lastKnownFileType = sourcecode.cpp.cpp; path = sskeyboard.cpp; sourceTree = "<group>"; };
		13851150233FAE76001E4CA6 /* sskeyboard.h */ = {isa = PBXFileReference; lastKnownFileType = sourcecode.c.h; path = sskeyboard.h; sourceTree = "<group>"; };
/* End PBXFileReference section */

/* Begin PBXFrameworksBuildPhase section */
		1304F7082366500300FBCD6A /* Frameworks */ = {
			isa = PBXFrameworksBuildPhase;
			buildActionMask = 2147483647;
			files = (
				13B19921236650F40094268E /* CoreFoundation.framework in Frameworks */,
				13B1991E236650ED0094268E /* libSSKeyboard.a in Frameworks */,
				13B19922236650FB0094268E /* IOKit.framework in Frameworks */,
			);
			runOnlyForDeploymentPostprocessing = 0;
		};
		13460616234E5F230058CCA1 /* Frameworks */ = {
			isa = PBXFrameworksBuildPhase;
			buildActionMask = 2147483647;
			files = (
				1346062D234E5F6D0058CCA1 /* CoreFoundation.framework in Frameworks */,
				1346062C234E5F670058CCA1 /* IOKit.framework in Frameworks */,
			);
			runOnlyForDeploymentPostprocessing = 0;
		};
/* End PBXFrameworksBuildPhase section */

/* Begin PBXGroup section */
		1302A320234129D600947195 /* Frameworks */ = {
			isa = PBXGroup;
			children = (
				1302A34923412DAE00947195 /* CoreFoundation.framework */,
				1302A33223412BB900947195 /* IOKit.framework */,
			);
			name = Frameworks;
			sourceTree = "<group>";
		};
		1304F70C2366500300FBCD6A /* SSKeyboardTest */ = {
			isa = PBXGroup;
			children = (
				1304F70D2366500300FBCD6A /* main.cpp */,
			);
			path = SSKeyboardTest;
			sourceTree = "<group>";
		};
		1368D30D233F9A1F00CE1F4D = {
			isa = PBXGroup;
			children = (
				13851144233FAE6E001E4CA6 /* SSKeyboard */,
				1304F70C2366500300FBCD6A /* SSKeyboardTest */,
				1302A320234129D600947195 /* Frameworks */,
				13460618234E5F230058CCA1 /* libSSKeyboard.a */,
				1304F70B2366500300FBCD6A /* SSKeyboardTest */,
			);
			sourceTree = "<group>";
		};
		13851144233FAE6E001E4CA6 /* SSKeyboard */ = {
			isa = PBXGroup;
			children = (
				13D1BA852364F65000DC0E72 /* include */,
				13D1BA842364F63000DC0E72 /* src */,
			);
			path = SSKeyboard;
			sourceTree = "<group>";
		};
		13D1BA842364F63000DC0E72 /* src */ = {
			isa = PBXGroup;
			children = (
				137D97F623550688000C276B /* sskeys.cpp */,
				1385114C233FAE76001E4CA6 /* sskeyboard.cpp */,
				135D80CC2362971300F0A9E6 /* sseffect.cpp */,
			);
			path = src;
			sourceTree = "<group>";
		};
		13D1BA852364F65000DC0E72 /* include */ = {
			isa = PBXGroup;
			children = (
				13851150233FAE76001E4CA6 /* sskeyboard.h */,
				137D97F723550688000C276B /* sskeys.h */,
				135D80CD2362971300F0A9E6 /* sseffect.h */,
			);
			path = include;
			sourceTree = "<group>";
		};
/* End PBXGroup section */

/* Begin PBXNativeTarget section */
		1304F70A2366500300FBCD6A /* SSKeyboardTest */ = {
			isa = PBXNativeTarget;
			buildConfigurationList = 1304F70F2366500300FBCD6A /* Build configuration list for PBXNativeTarget "SSKeyboardTest" */;
			buildPhases = (
				1304F7072366500300FBCD6A /* Sources */,
				1304F7082366500300FBCD6A /* Frameworks */,
				1304F7092366500300FBCD6A /* Copy Files */,
			);
			buildRules = (
			);
			dependencies = (
				13B19920236650ED0094268E /* PBXTargetDependency */,
			);
			name = SSKeyboardTest;
			productName = SSKeyboardTest;
			productReference = 1304F70B2366500300FBCD6A /* SSKeyboardTest */;
			productType = "com.apple.product-type.tool";
		};
		13460617234E5F230058CCA1 /* SSKeyboard */ = {
			isa = PBXNativeTarget;
			buildConfigurationList = 13460619234E5F230058CCA1 /* Build configuration list for PBXNativeTarget "SSKeyboard" */;
			buildPhases = (
				13460615234E5F230058CCA1 /* Sources */,
				13460616234E5F230058CCA1 /* Frameworks */,
				13B633E6234E615D0094FCC9 /* Copy Files */,
			);
			buildRules = (
			);
			dependencies = (
			);
			name = SSKeyboard;
			productName = SSKeyboard;
			productReference = 13460618234E5F230058CCA1 /* libSSKeyboard.a */;
			productType = "com.apple.product-type.library.static";
		};
/* End PBXNativeTarget section */

/* Begin PBXProject section */
		1368D30E233F9A1F00CE1F4D /* Project object */ = {
			isa = PBXProject;
			attributes = {
				LastSwiftUpdateCheck = 1110;
				LastUpgradeCheck = 1030;
				ORGANIZATIONNAME = ErrorErrorError;
				TargetAttributes = {
					1304F70A2366500300FBCD6A = {
						CreatedOnToolsVersion = 11.1;
					};
					13460617234E5F230058CCA1 = {
						CreatedOnToolsVersion = 10.3;
						LastSwiftMigration = 1030;
					};
				};
			};
			buildConfigurationList = 1368D311233F9A1F00CE1F4D /* Build configuration list for PBXProject "SSKeyboard" */;
			compatibilityVersion = "Xcode 9.3";
			developmentRegion = en;
			hasScannedForEncodings = 0;
			knownRegions = (
				en,
				Base,
			);
			mainGroup = 1368D30D233F9A1F00CE1F4D;
			productRefGroup = 1368D30D233F9A1F00CE1F4D;
			projectDirPath = "";
			projectRoot = "";
			targets = (
				13460617234E5F230058CCA1 /* SSKeyboard */,
				1304F70A2366500300FBCD6A /* SSKeyboardTest */,
			);
		};
/* End PBXProject section */

/* Begin PBXSourcesBuildPhase section */
		1304F7072366500300FBCD6A /* Sources */ = {
			isa = PBXSourcesBuildPhase;
			buildActionMask = 2147483647;
			files = (
				1304F70E2366500300FBCD6A /* main.cpp in Sources */,
			);
			runOnlyForDeploymentPostprocessing = 0;
		};
		13460615234E5F230058CCA1 /* Sources */ = {
			isa = PBXSourcesBuildPhase;
			buildActionMask = 2147483647;
			files = (
				137D97F823550688000C276B /* sskeys.cpp in Sources */,
				1346062B234E5F620058CCA1 /* sskeyboard.cpp in Sources */,
				135D80CE2362971300F0A9E6 /* sseffect.cpp in Sources */,
			);
			runOnlyForDeploymentPostprocessing = 0;
		};
/* End PBXSourcesBuildPhase section */

/* Begin PBXTargetDependency section */
		13B19920236650ED0094268E /* PBXTargetDependency */ = {
			isa = PBXTargetDependency;
			target = 13460617234E5F230058CCA1 /* SSKeyboard */;
			targetProxy = 13B1991F236650ED0094268E /* PBXContainerItemProxy */;
		};
/* End PBXTargetDependency section */

/* Begin XCBuildConfiguration section */
		1304F7102366500300FBCD6A /* Debug */ = {
			isa = XCBuildConfiguration;
			buildSettings = {
				CODE_SIGN_STYLE = Automatic;
				DEVELOPMENT_TEAM = FYT4JTMSQ8;
				ENABLE_HARDENED_RUNTIME = YES;
				MACOSX_DEPLOYMENT_TARGET = 10.15;
				PRODUCT_NAME = "$(TARGET_NAME)";
			};
			name = Debug;
		};
		1304F7112366500300FBCD6A /* Release */ = {
			isa = XCBuildConfiguration;
			buildSettings = {
				CODE_SIGN_STYLE = Automatic;
				DEVELOPMENT_TEAM = FYT4JTMSQ8;
				ENABLE_HARDENED_RUNTIME = YES;
				MACOSX_DEPLOYMENT_TARGET = 10.15;
				PRODUCT_NAME = "$(TARGET_NAME)";
			};
			name = Release;
		};
		1346061A234E5F230058CCA1 /* Debug */ = {
			isa = XCBuildConfiguration;
			buildSettings = {
				CLANG_CXX_LANGUAGE_STANDARD = "gnu++14";
				CLANG_CXX_LIBRARY = "libc++";
				CLANG_ENABLE_MODULES = YES;
				CODE_SIGN_IDENTITY = "Mac Developer";
				CODE_SIGN_STYLE = Automatic;
				DEVELOPMENT_TEAM = FYT4JTMSQ8;
				EXECUTABLE_PREFIX = lib;
				LD_RUNPATH_SEARCH_PATHS = (
					"$(inherited)",
					"@executable_path/../Frameworks",
					"@loader_path/../Frameworks",
				);
				OTHER_LDFLAGS = "-ObjC";
				PRODUCT_NAME = "$(TARGET_NAME)";
				SKIP_INSTALL = YES;
				SWIFT_OBJC_BRIDGING_HEADER = "SSKeyboard/SSKeyboard-Bridging-Header.h";
				SWIFT_OPTIMIZATION_LEVEL = "-Onone";
				SWIFT_VERSION = 5.0;
			};
			name = Debug;
		};
		1346061B234E5F230058CCA1 /* Release */ = {
			isa = XCBuildConfiguration;
			buildSettings = {
				CLANG_CXX_LANGUAGE_STANDARD = "gnu++14";
				CLANG_CXX_LIBRARY = "libc++";
				CLANG_ENABLE_MODULES = YES;
				CODE_SIGN_IDENTITY = "Mac Developer";
				CODE_SIGN_STYLE = Automatic;
				DEVELOPMENT_TEAM = FYT4JTMSQ8;
				EXECUTABLE_PREFIX = lib;
				LD_RUNPATH_SEARCH_PATHS = (
					"$(inherited)",
					"@executable_path/../Frameworks",
					"@loader_path/../Frameworks",
				);
				OTHER_LDFLAGS = "-ObjC";
				PRODUCT_NAME = "$(TARGET_NAME)";
				SKIP_INSTALL = YES;
				SWIFT_OBJC_BRIDGING_HEADER = "SSKeyboard/SSKeyboard-Bridging-Header.h";
				SWIFT_VERSION = 5.0;
			};
			name = Release;
		};
		1368D31B233F9A1F00CE1F4D /* Debug */ = {
			isa = XCBuildConfiguration;
			buildSettings = {
				ALWAYS_SEARCH_USER_PATHS = NO;
				CLANG_ANALYZER_NONNULL = YES;
				CLANG_ANALYZER_NUMBER_OBJECT_CONVERSION = YES_AGGRESSIVE;
				CLANG_CXX_LANGUAGE_STANDARD = "gnu++14";
				CLANG_CXX_LIBRARY = "libc++";
				CLANG_ENABLE_MODULES = YES;
				CLANG_ENABLE_OBJC_ARC = YES;
				CLANG_ENABLE_OBJC_WEAK = YES;
				CLANG_WARN_BLOCK_CAPTURE_AUTORELEASING = YES;
				CLANG_WARN_BOOL_CONVERSION = YES;
				CLANG_WARN_COMMA = YES;
				CLANG_WARN_CONSTANT_CONVERSION = YES;
				CLANG_WARN_DEPRECATED_OBJC_IMPLEMENTATIONS = YES;
				CLANG_WARN_DIRECT_OBJC_ISA_USAGE = YES_ERROR;
				CLANG_WARN_DOCUMENTATION_COMMENTS = YES;
				CLANG_WARN_EMPTY_BODY = YES;
				CLANG_WARN_ENUM_CONVERSION = YES;
				CLANG_WARN_INFINITE_RECURSION = YES;
				CLANG_WARN_INT_CONVERSION = YES;
				CLANG_WARN_NON_LITERAL_NULL_CONVERSION = YES;
				CLANG_WARN_OBJC_IMPLICIT_RETAIN_SELF = YES;
				CLANG_WARN_OBJC_LITERAL_CONVERSION = YES;
				CLANG_WARN_OBJC_ROOT_CLASS = YES_ERROR;
				CLANG_WARN_RANGE_LOOP_ANALYSIS = YES;
				CLANG_WARN_STRICT_PROTOTYPES = YES;
				CLANG_WARN_SUSPICIOUS_MOVE = YES;
				CLANG_WARN_UNGUARDED_AVAILABILITY = YES_AGGRESSIVE;
				CLANG_WARN_UNREACHABLE_CODE = YES;
				CLANG_WARN__DUPLICATE_METHOD_MATCH = YES;
				CODE_SIGN_IDENTITY = "-";
				COPY_PHASE_STRIP = NO;
				DEBUG_INFORMATION_FORMAT = dwarf;
				ENABLE_STRICT_OBJC_MSGSEND = YES;
				ENABLE_TESTABILITY = YES;
				GCC_C_LANGUAGE_STANDARD = gnu11;
				GCC_DYNAMIC_NO_PIC = NO;
				GCC_NO_COMMON_BLOCKS = YES;
				GCC_OPTIMIZATION_LEVEL = 0;
				GCC_PREPROCESSOR_DEFINITIONS = (
					"DEBUG=1",
					"$(inherited)",
				);
				GCC_WARN_64_TO_32_BIT_CONVERSION = YES;
				GCC_WARN_ABOUT_RETURN_TYPE = YES_ERROR;
				GCC_WARN_UNDECLARED_SELECTOR = YES;
				GCC_WARN_UNINITIALIZED_AUTOS = YES_AGGRESSIVE;
				GCC_WARN_UNUSED_FUNCTION = YES;
				GCC_WARN_UNUSED_VARIABLE = YES;
				MACOSX_DEPLOYMENT_TARGET = 10.14;
				MTL_ENABLE_DEBUG_INFO = INCLUDE_SOURCE;
				MTL_FAST_MATH = YES;
				ONLY_ACTIVE_ARCH = YES;
				SDKROOT = macosx;
			};
			name = Debug;
		};
		1368D31C233F9A1F00CE1F4D /* Release */ = {
			isa = XCBuildConfiguration;
			buildSettings = {
				ALWAYS_SEARCH_USER_PATHS = NO;
				CLANG_ANALYZER_NONNULL = YES;
				CLANG_ANALYZER_NUMBER_OBJECT_CONVERSION = YES_AGGRESSIVE;
				CLANG_CXX_LANGUAGE_STANDARD = "gnu++14";
				CLANG_CXX_LIBRARY = "libc++";
				CLANG_ENABLE_MODULES = YES;
				CLANG_ENABLE_OBJC_ARC = YES;
				CLANG_ENABLE_OBJC_WEAK = YES;
				CLANG_WARN_BLOCK_CAPTURE_AUTORELEASING = YES;
				CLANG_WARN_BOOL_CONVERSION = YES;
				CLANG_WARN_COMMA = YES;
				CLANG_WARN_CONSTANT_CONVERSION = YES;
				CLANG_WARN_DEPRECATED_OBJC_IMPLEMENTATIONS = YES;
				CLANG_WARN_DIRECT_OBJC_ISA_USAGE = YES_ERROR;
				CLANG_WARN_DOCUMENTATION_COMMENTS = YES;
				CLANG_WARN_EMPTY_BODY = YES;
				CLANG_WARN_ENUM_CONVERSION = YES;
				CLANG_WARN_INFINITE_RECURSION = YES;
				CLANG_WARN_INT_CONVERSION = YES;
				CLANG_WARN_NON_LITERAL_NULL_CONVERSION = YES;
				CLANG_WARN_OBJC_IMPLICIT_RETAIN_SELF = YES;
				CLANG_WARN_OBJC_LITERAL_CONVERSION = YES;
				CLANG_WARN_OBJC_ROOT_CLASS = YES_ERROR;
				CLANG_WARN_RANGE_LOOP_ANALYSIS = YES;
				CLANG_WARN_STRICT_PROTOTYPES = YES;
				CLANG_WARN_SUSPICIOUS_MOVE = YES;
				CLANG_WARN_UNGUARDED_AVAILABILITY = YES_AGGRESSIVE;
				CLANG_WARN_UNREACHABLE_CODE = YES;
				CLANG_WARN__DUPLICATE_METHOD_MATCH = YES;
				CODE_SIGN_IDENTITY = "-";
				COPY_PHASE_STRIP = NO;
				DEBUG_INFORMATION_FORMAT = "dwarf-with-dsym";
				ENABLE_NS_ASSERTIONS = NO;
				ENABLE_STRICT_OBJC_MSGSEND = YES;
				GCC_C_LANGUAGE_STANDARD = gnu11;
				GCC_NO_COMMON_BLOCKS = YES;
				GCC_WARN_64_TO_32_BIT_CONVERSION = YES;
				GCC_WARN_ABOUT_RETURN_TYPE = YES_ERROR;
				GCC_WARN_UNDECLARED_SELECTOR = YES;
				GCC_WARN_UNINITIALIZED_AUTOS = YES_AGGRESSIVE;
				GCC_WARN_UNUSED_FUNCTION = YES;
				GCC_WARN_UNUSED_VARIABLE = YES;
				MACOSX_DEPLOYMENT_TARGET = 10.14;
				MTL_ENABLE_DEBUG_INFO = NO;
				MTL_FAST_MATH = YES;
				SDKROOT = macosx;
			};
			name = Release;
		};
/* End XCBuildConfiguration section */

/* Begin XCConfigurationList section */
		1304F70F2366500300FBCD6A /* Build configuration list for PBXNativeTarget "SSKeyboardTest" */ = {
			isa = XCConfigurationList;
			buildConfigurations = (
				1304F7102366500300FBCD6A /* Debug */,
				1304F7112366500300FBCD6A /* Release */,
			);
			defaultConfigurationIsVisible = 0;
			defaultConfigurationName = Release;
		};
		13460619234E5F230058CCA1 /* Build configuration list for PBXNativeTarget "SSKeyboard" */ = {
			isa = XCConfigurationList;
			buildConfigurations = (
				1346061A234E5F230058CCA1 /* Debug */,
				1346061B234E5F230058CCA1 /* Release */,
			);
			defaultConfigurationIsVisible = 0;
			defaultConfigurationName = Release;
		};
		1368D311233F9A1F00CE1F4D /* Build configuration list for PBXProject "SSKeyboard" */ = {
			isa = XCConfigurationList;
			buildConfigurations = (
				1368D31B233F9A1F00CE1F4D /* Debug */,
				1368D31C233F9A1F00CE1F4D /* Release */,
			);
			defaultConfigurationIsVisible = 0;
			defaultConfigurationName = Release;
		};
/* End XCConfigurationList section */
	};
	rootObject = 1368D30E233F9A1F00CE1F4D /* Project object */;
}
